// !$*UTF8*$!
{
	archiveVersion = 1;
	classes = {
	};
	objectVersion = 46;
	objects = {

/* Begin PBXBuildFile section */
		1FA6F6281E5F0DBE006C95EB /* AppDelegate.swift in Sources */ = {isa = PBXBuildFile; fileRef = 1FA6F6271E5F0DBE006C95EB /* AppDelegate.swift */; };
		1FA6F62A1E5F0DBE006C95EB /* ViewController.swift in Sources */ = {isa = PBXBuildFile; fileRef = 1FA6F6291E5F0DBE006C95EB /* ViewController.swift */; };
		1FA6F62D1E5F0DBE006C95EB /* Main.storyboard in Resources */ = {isa = PBXBuildFile; fileRef = 1FA6F62B1E5F0DBE006C95EB /* Main.storyboard */; };
		1FA6F62F1E5F0DBE006C95EB /* Assets.xcassets in Resources */ = {isa = PBXBuildFile; fileRef = 1FA6F62E1E5F0DBE006C95EB /* Assets.xcassets */; };
		1FA6F6321E5F0DBE006C95EB /* LaunchScreen.storyboard in Resources */ = {isa = PBXBuildFile; fileRef = 1FA6F6301E5F0DBE006C95EB /* LaunchScreen.storyboard */; };
/* End PBXBuildFile section */

/* Begin PBXFileReference section */
		1FA6F6241E5F0DBE006C95EB /* demo1.app */ = {isa = PBXFileReference; explicitFileType = wrapper.application; includeInIndex = 0; path = demo1.app; sourceTree = BUILT_PRODUCTS_DIR; };
		1FA6F6271E5F0DBE006C95EB /* AppDelegate.swift */ = {isa = PBXFileReference; lastKnownFileType = sourcecode.swift; path = AppDelegate.swift; sourceTree = "<group>"; };
		1FA6F6291E5F0DBE006C95EB /* ViewController.swift */ = {isa = PBXFileReference; lastKnownFileType = sourcecode.swift; path = ViewController.swift; sourceTree = "<group>"; };
		1FA6F62C1E5F0DBE006C95EB /* Base */ = {isa = PBXFileReference; lastKnownFileType = file.storyboard; name = Base; path = Base.lproj/Main.storyboard; sourceTree = "<group>"; };
		1FA6F62E1E5F0DBE006C95EB /* Assets.xcassets */ = {isa = PBXFileReference; lastKnownFileType = folder.assetcatalog; path = Assets.xcassets; sourceTree = "<group>"; };
		1FA6F6311E5F0DBE006C95EB /* Base */ = {isa = PBXFileReference; lastKnownFileType = file.storyboard; name = Base; path = Base.lproj/LaunchScreen.storyboard; sourceTree = "<group>"; };
		1FA6F6331E5F0DBE006C95EB /* Info.plist */ = {isa = PBXFileReference; lastKnownFileType = text.plist.xml; path = Info.plist; sourceTree = "<group>"; };
/* End PBXFileReference section */

/* Begin PBXFrameworksBuildPhase section */
		1FA6F6211E5F0DBE006C95EB /* Frameworks */ = {
			isa = PBXFrameworksBuildPhase;
			buildActionMask = 2147483647;
			files = (
			);
			runOnlyForDeploymentPostprocessing = 0;
		};
/* End PBXFrameworksBuildPhase section */

/* Begin PBXGroup section */
		1FA6F61B1E5F0DBE006C95EB = {
			isa = PBXGroup;
			children = (
				1FA6F6261E5F0DBE006C95EB /* demo1 */,
				1FA6F6251E5F0DBE006C95EB /* Products */,
			);
			sourceTree = "<group>";
		};
		1FA6F6251E5F0DBE006C95EB /* Products */ = {
			isa = PBXGroup;
			children = (
				1FA6F6241E5F0DBE006C95EB /* demo1.app */,
			);
			name = Products;
			sourceTree = "<group>";
		};
		1FA6F6261E5F0DBE006C95EB /* demo1 */ = {
			isa = PBXGroup;
			children = (
				1FA6F6271E5F0DBE006C95EB /* AppDelegate.swift */,
				1FA6F6291E5F0DBE006C95EB /* ViewController.swift */,
				1FA6F62B1E5F0DBE006C95EB /* Main.storyboard */,
				1FA6F62E1E5F0DBE006C95EB /* Assets.xcassets */,
				1FA6F6301E5F0DBE006C95EB /* LaunchScreen.storyboard */,
				1FA6F6331E5F0DBE006C95EB /* Info.plist */,
			);
			path = demo1;
			sourceTree = "<group>";
		};
/* End PBXGroup section */

/* Begin PBXNativeTarget section */
		1FA6F6231E5F0DBE006C95EB /* demo1 */ = {
			isa = PBXNativeTarget;
			buildConfigurationList = 1FA6F6361E5F0DBE006C95EB /* Build configuration list for PBXNativeTarget "demo1" */;
			buildPhases = (
				1FA6F6201E5F0DBE006C95EB /* Sources */,
				1FA6F6211E5F0DBE006C95EB /* Frameworks */,
				1FA6F6221E5F0DBE006C95EB /* Resources */,
			);
			buildRules = (
			);
			dependencies = (
			);
			name = demo1;
			productName = demo1;
			productReference = 1FA6F6241E5F0DBE006C95EB /* demo1.app */;
			productType = "com.apple.product-type.application";
		};
/* End PBXNativeTarget section */

/* Begin PBXProject section */
		1FA6F61C1E5F0DBE006C95EB /* Project object */ = {
			isa = PBXProject;
			attributes = {
				LastSwiftUpdateCheck = 0820;
				LastUpgradeCheck = 0820;
				ORGANIZATIONNAME = MyMac;
				TargetAttributes = {
					1FA6F6231E5F0DBE006C95EB = {
						CreatedOnToolsVersion = 8.2.1;
						DevelopmentTeam = VCK3Y3K746;
						ProvisioningStyle = Automatic;
					};
				};
			};
			buildConfigurationList = 1FA6F61F1E5F0DBE006C95EB /* Build configuration list for PBXProject "demo1" */;
			compatibilityVersion = "Xcode 3.2";
			developmentRegion = English;
			hasScannedForEncodings = 0;
			knownRegions = (
				en,
				Base,
			);
			mainGroup = 1FA6F61B1E5F0DBE006C95EB;
			productRefGroup = 1FA6F6251E5F0DBE006C95EB /* Products */;
			projectDirPath = "";
			projectRoot = "";
			targets = (
				1FA6F6231E5F0DBE006C95EB /* demo1 */,
			);
		};
/* End PBXProject section */

/* Begin PBXResourcesBuildPhase section */
		1FA6F6221E5F0DBE006C95EB /* Resources */ = {
			isa = PBXResourcesBuildPhase;
			buildActionMask = 2147483647;
			files = (
				1FA6F6321E5F0DBE006C95EB /* LaunchScreen.storyboard in Resources */,
				1FA6F62F1E5F0DBE006C95EB /* Assets.xcassets in Resources */,
				1FA6F62D1E5F0DBE006C95EB /* Main.storyboard in Resources */,
			);
			runOnlyForDeploymentPostprocessing = 0;
		};
/* End PBXResourcesBuildPhase section */

/* Begin PBXSourcesBuildPhase section */
		1FA6F6201E5F0DBE006C95EB /* Sources */ = {
			isa = PBXSourcesBuildPhase;
			buildActionMask = 2147483647;
			files = (
				1FA6F62A1E5F0DBE006C95EB /* ViewController.swift in Sources */,
				1FA6F6281E5F0DBE006C95EB /* AppDelegate.swift in Sources */,
			);
			runOnlyForDeploymentPostprocessing = 0;
		};
/* End PBXSourcesBuildPhase section */

/* Begin PBXVariantGroup section */
		1FA6F62B1E5F0DBE006C95EB /* Main.storyboard */ = {
			isa = PBXVariantGroup;
			children = (
				1FA6F62C1E5F0DBE006C95EB /* Base */,
			);
			name = Main.storyboard;
			sourceTree = "<group>";
		};
		1FA6F6301E5F0DBE006C95EB /* LaunchScreen.storyboard */ = {
			isa = PBXVariantGroup;
			children = (
				1FA6F6311E5F0DBE006C95EB /* Base */,
			);
			name = LaunchScreen.storyboard;
			sourceTree = "<group>";
		};
/* End PBXVariantGroup section */

/* Begin XCBuildConfiguration section */
		1FA6F6341E5F0DBE006C95EB /* Debug */ = {
			isa = XCBuildConfiguration;
			buildSettings = {
				ALWAYS_SEARCH_USER_PATHS = NO;
				CLANG_ANALYZER_NONNULL = YES;
				CLANG_CXX_LANGUAGE_STANDARD = "gnu++0x";
				CLANG_CXX_LIBRARY = "libc++";
				CLANG_ENABLE_MODULES = YES;
				CLANG_ENABLE_OBJC_ARC = YES;
				CLANG_WARN_BOOL_CONVERSION = YES;
				CLANG_WARN_CONSTANT_CONVERSION = YES;
				CLANG_WARN_DIRECT_OBJC_ISA_USAGE = YES_ERROR;
				CLANG_WARN_DOCUMENTATION_COMMENTS = YES;
				CLANG_WARN_EMPTY_BODY = YES;
				CLANG_WARN_ENUM_CONVERSION = YES;
				CLANG_WARN_INFINITE_RECURSION = YES;
				CLANG_WARN_INT_CONVERSION = YES;
				CLANG_WARN_OBJC_ROOT_CLASS = YES_ERROR;
				CLANG_WARN_SUSPICIOUS_MOVE = YES;
				CLANG_WARN_UNREACHABLE_CODE = YES;
				CLANG_WARN__DUPLICATE_METHOD_MATCH = YES;
				"CODE_SIGN_IDENTITY[sdk=iphoneos*]" = "iPhone Developer";
				COPY_PHASE_STRIP = NO;
				DEBUG_INFORMATION_FORMAT = dwarf;
				ENABLE_STRICT_OBJC_MSGSEND = YES;
				ENABLE_TESTABILITY = YES;
				GCC_C_LANGUAGE_STANDARD = gnu99;
				GCC_DYNAMIC_NO_PIC = NO;
				GCC_NO_COMMON_BLOCKS = YES;
				GCC_OPTIMIZATION_LEVEL = 0;
				GCC_PREPROCESSOR_DEFINITIONS = (
					"DEBUG=1",
					"$(inherited)",
				);
				GCC_WARN_64_TO_32_BIT_CONVERSION = YES;
				GCC_WARN_ABOUT_RETURN_TYPE = YES_ERROR;
				GCC_WARN_UNDECLARED_SELECTOR = YES;
				GCC_WARN_UNINITIALIZED_AUTOS = YES_AGGRESSIVE;
				GCC_WARN_UNUSED_FUNCTION = YES;
				GCC_WARN_UNUSED_VARIABLE = YES;
				IPHONEOS_DEPLOYMENT_TARGET = 10.2;
				MTL_ENABLE_DEBUG_INFO = YES;
				ONLY_ACTIVE_ARCH = YES;
				SDKROOT = iphoneos;
				SWIFT_ACTIVE_COMPILATION_CONDITIONS = DEBUG;
				SWIFT_OPTIMIZATION_LEVEL = "-Onone";
			};
			name = Debug;
		};
		1FA6F6351E5F0DBE006C95EB /* Release */ = {
			isa = XCBuildConfiguration;
			buildSettings = {
				ALWAYS_SEARCH_USER_PATHS = NO;
				CLANG_ANALYZER_NONNULL = YES;
				CLANG_CXX_LANGUAGE_STANDARD = "gnu++0x";
				CLANG_CXX_LIBRARY = "libc++";
				CLANG_ENABLE_MODULES = YES;
				CLANG_ENABLE_OBJC_ARC = YES;
				CLANG_WARN_BOOL_CONVERSION = YES;
				CLANG_WARN_CONSTANT_CONVERSION = YES;
				CLANG_WARN_DIRECT_OBJC_ISA_USAGE = YES_ERROR;
				CLANG_WARN_DOCUMENTATION_COMMENTS = YES;
				CLANG_WARN_EMPTY_BODY = YES;
				CLANG_WARN_ENUM_CONVERSION = YES;
				CLANG_WARN_INFINITE_RECURSION = YES;
				CLANG_WARN_INT_CONVERSION = YES;
				CLANG_WARN_OBJC_ROOT_CLASS = YES_ERROR;
				CLANG_WARN_SUSPICIOUS_MOVE = YES;
				CLANG_WARN_UNREACHABLE_CODE = YES;
				CLANG_WARN__DUPLICATE_METHOD_MATCH = YES;
				"CODE_SIGN_IDENTITY[sdk=iphoneos*]" = "iPhone Developer";
				COPY_PHASE_STRIP = NO;
				DEBUG_INFORMATION_FORMAT = "dwarf-with-dsym";
				ENABLE_NS_ASSERTIONS = NO;
				ENABLE_STRICT_OBJC_MSGSEND = YES;
				GCC_C_LANGUAGE_STANDARD = gnu99;
				GCC_NO_COMMON_BLOCKS = YES;
				GCC_WARN_64_TO_32_BIT_CONVERSION = YES;
				GCC_WARN_ABOUT_RETURN_TYPE = YES_ERROR;
				GCC_WARN_UNDECLARED_SELECTOR = YES;
				GCC_WARN_UNINITIALIZED_AUTOS = YES_AGGRESSIVE;
				GCC_WARN_UNUSED_FUNCTION = YES;
				GCC_WARN_UNUSED_VARIABLE = YES;
				IPHONEOS_DEPLOYMENT_TARGET = 10.2;
				MTL_ENABLE_DEBUG_INFO = NO;
				SDKROOT = iphoneos;
				SWIFT_OPTIMIZATION_LEVEL = "-Owholemodule";
				VALIDATE_PRODUCT = YES;
			};
			name = Release;
		};
		1FA6F6371E5F0DBE006C95EB /* Debug */ = {
			isa = XCBuildConfiguration;
			buildSettings = {
				ASSETCATALOG_COMPILER_APPICON_NAME = AppIcon;
				DEVELOPMENT_TEAM = VCK3Y3K746;
				INFOPLIST_FILE = demo1/Info.plist;
				LD_RUNPATH_SEARCH_PATHS = "$(inherited) @executable_path/Frameworks";
				PRODUCT_BUNDLE_IDENTIFIER = Homework.demo1;
				PRODUCT_NAME = "$(TARGET_NAME)";
				SWIFT_VERSION = 3.0;
			};
			name = Debug;
		};
		1FA6F6381E5F0DBE006C95EB /* Release */ = {
			isa = XCBuildConfiguration;
			buildSettings = {
				ASSETCATALOG_COMPILER_APPICON_NAME = AppIcon;
				DEVELOPMENT_TEAM = VCK3Y3K746;
				INFOPLIST_FILE = demo1/Info.plist;
				LD_RUNPATH_SEARCH_PATHS = "$(inherited) @executable_path/Frameworks";
				PRODUCT_BUNDLE_IDENTIFIER = Homework.demo1;
				PRODUCT_NAME = "$(TARGET_NAME)";
				SWIFT_VERSION = 3.0;
			};
			name = Release;
		};
/* End XCBuildConfiguration section */

/* Begin XCConfigurationList section */
		1FA6F61F1E5F0DBE006C95EB /* Build configuration list for PBXProject "demo1" */ = {
			isa = XCConfigurationList;
			buildConfigurations = (
				1FA6F6341E5F0DBE006C95EB /* Debug */,
				1FA6F6351E5F0DBE006C95EB /* Release */,
			);
			defaultConfigurationIsVisible = 0;
			defaultConfigurationName = Release;
		};
		1FA6F6361E5F0DBE006C95EB /* Build configuration list for PBXNativeTarget "demo1" */ = {
			isa = XCConfigurationList;
			buildConfigurations = (
				1FA6F6371E5F0DBE006C95EB /* Debug */,
				1FA6F6381E5F0DBE006C95EB /* Release */,
			);
			defaultConfigurationIsVisible = 0;
		};
/* End XCConfigurationList section */
	};
	rootObject = 1FA6F61C1E5F0DBE006C95EB /* Project object */;
}
