// !$*UTF8*$!
{
	archiveVersion = 1;
	classes = {
	};
	objectVersion = 46;
	objects = {

/* Begin PBXBuildFile section */
		1F28D2371E71958100477AB9 /* AppDelegate.swift in Sources */ = {isa = PBXBuildFile; fileRef = 1F28D2361E71958100477AB9 /* AppDelegate.swift */; };
		1F28D2391E71958100477AB9 /* ViewController.swift in Sources */ = {isa = PBXBuildFile; fileRef = 1F28D2381E71958100477AB9 /* ViewController.swift */; };
		1F28D23C1E71958100477AB9 /* Main.storyboard in Resources */ = {isa = PBXBuildFile; fileRef = 1F28D23A1E71958100477AB9 /* Main.storyboard */; };
		1F28D23E1E71958100477AB9 /* Assets.xcassets in Resources */ = {isa = PBXBuildFile; fileRef = 1F28D23D1E71958100477AB9 /* Assets.xcassets */; };
		1F28D2411E71958100477AB9 /* LaunchScreen.storyboard in Resources */ = {isa = PBXBuildFile; fileRef = 1F28D23F1E71958100477AB9 /* LaunchScreen.storyboard */; };
		1F28D2491E7195E800477AB9 /* LoversTableViewController.swift in Sources */ = {isa = PBXBuildFile; fileRef = 1F28D2481E7195E700477AB9 /* LoversTableViewController.swift */; };
		1F6497831E76C66300AEEB53 /* LoverTableViewCell.swift in Sources */ = {isa = PBXBuildFile; fileRef = 1F6497821E76C66300AEEB53 /* LoverTableViewCell.swift */; };
		1FB783E21E76CCA900131203 /* LoverDetailViewController.swift in Sources */ = {isa = PBXBuildFile; fileRef = 1FB783E11E76CCA900131203 /* LoverDetailViewController.swift */; };
/* End PBXBuildFile section */

/* Begin PBXFileReference section */
		1F28D2331E71958100477AB9 /* TableView.app */ = {isa = PBXFileReference; explicitFileType = wrapper.application; includeInIndex = 0; path = TableView.app; sourceTree = BUILT_PRODUCTS_DIR; };
		1F28D2361E71958100477AB9 /* AppDelegate.swift */ = {isa = PBXFileReference; lastKnownFileType = sourcecode.swift; path = AppDelegate.swift; sourceTree = "<group>"; };
		1F28D2381E71958100477AB9 /* ViewController.swift */ = {isa = PBXFileReference; lastKnownFileType = sourcecode.swift; path = ViewController.swift; sourceTree = "<group>"; };
		1F28D23B1E71958100477AB9 /* Base */ = {isa = PBXFileReference; lastKnownFileType = file.storyboard; name = Base; path = Base.lproj/Main.storyboard; sourceTree = "<group>"; };
		1F28D23D1E71958100477AB9 /* Assets.xcassets */ = {isa = PBXFileReference; lastKnownFileType = folder.assetcatalog; path = Assets.xcassets; sourceTree = "<group>"; };
		1F28D2401E71958100477AB9 /* Base */ = {isa = PBXFileReference; lastKnownFileType = file.storyboard; name = Base; path = Base.lproj/LaunchScreen.storyboard; sourceTree = "<group>"; };
		1F28D2421E71958100477AB9 /* Info.plist */ = {isa = PBXFileReference; lastKnownFileType = text.plist.xml; path = Info.plist; sourceTree = "<group>"; };
		1F28D2481E7195E700477AB9 /* LoversTableViewController.swift */ = {isa = PBXFileReference; fileEncoding = 4; lastKnownFileType = sourcecode.swift; path = LoversTableViewController.swift; sourceTree = "<group>"; };
		1F6497821E76C66300AEEB53 /* LoverTableViewCell.swift */ = {isa = PBXFileReference; fileEncoding = 4; lastKnownFileType = sourcecode.swift; path = LoverTableViewCell.swift; sourceTree = "<group>"; };
		1FB783E11E76CCA900131203 /* LoverDetailViewController.swift */ = {isa = PBXFileReference; fileEncoding = 4; lastKnownFileType = sourcecode.swift; path = LoverDetailViewController.swift; sourceTree = "<group>"; };
/* End PBXFileReference section */

/* Begin PBXFrameworksBuildPhase section */
		1F28D2301E71958100477AB9 /* Frameworks */ = {
			isa = PBXFrameworksBuildPhase;
			buildActionMask = 2147483647;
			files = (
			);
			runOnlyForDeploymentPostprocessing = 0;
		};
/* End PBXFrameworksBuildPhase section */

/* Begin PBXGroup section */
		1F28D22A1E71958100477AB9 = {
			isa = PBXGroup;
			children = (
				1F28D2351E71958100477AB9 /* TableView */,
				1F28D2341E71958100477AB9 /* Products */,
			);
			sourceTree = "<group>";
		};
		1F28D2341E71958100477AB9 /* Products */ = {
			isa = PBXGroup;
			children = (
				1F28D2331E71958100477AB9 /* TableView.app */,
			);
			name = Products;
			sourceTree = "<group>";
		};
		1F28D2351E71958100477AB9 /* TableView */ = {
			isa = PBXGroup;
			children = (
				1F28D2361E71958100477AB9 /* AppDelegate.swift */,
				1F28D2381E71958100477AB9 /* ViewController.swift */,
				1F28D23A1E71958100477AB9 /* Main.storyboard */,
				1FB783E11E76CCA900131203 /* LoverDetailViewController.swift */,
				1F28D2481E7195E700477AB9 /* LoversTableViewController.swift */,
				1F28D23D1E71958100477AB9 /* Assets.xcassets */,
				1F28D23F1E71958100477AB9 /* LaunchScreen.storyboard */,
				1F28D2421E71958100477AB9 /* Info.plist */,
				1F6497821E76C66300AEEB53 /* LoverTableViewCell.swift */,
			);
			path = TableView;
			sourceTree = "<group>";
		};
/* End PBXGroup section */

/* Begin PBXNativeTarget section */
		1F28D2321E71958100477AB9 /* TableView */ = {
			isa = PBXNativeTarget;
			buildConfigurationList = 1F28D2451E71958100477AB9 /* Build configuration list for PBXNativeTarget "TableView" */;
			buildPhases = (
				1F28D22F1E71958100477AB9 /* Sources */,
				1F28D2301E71958100477AB9 /* Frameworks */,
				1F28D2311E71958100477AB9 /* Resources */,
			);
			buildRules = (
			);
			dependencies = (
			);
			name = TableView;
			productName = TableView;
			productReference = 1F28D2331E71958100477AB9 /* TableView.app */;
			productType = "com.apple.product-type.application";
		};
/* End PBXNativeTarget section */

/* Begin PBXProject section */
		1F28D22B1E71958100477AB9 /* Project object */ = {
			isa = PBXProject;
			attributes = {
				LastSwiftUpdateCheck = 0820;
				LastUpgradeCheck = 0820;
				ORGANIZATIONNAME = "Jack Lai";
				TargetAttributes = {
					1F28D2321E71958100477AB9 = {
						CreatedOnToolsVersion = 8.2.1;
						DevelopmentTeam = VCK3Y3K746;
						ProvisioningStyle = Automatic;
					};
				};
			};
			buildConfigurationList = 1F28D22E1E71958100477AB9 /* Build configuration list for PBXProject "TableView" */;
			compatibilityVersion = "Xcode 3.2";
			developmentRegion = English;
			hasScannedForEncodings = 0;
			knownRegions = (
				en,
				Base,
			);
			mainGroup = 1F28D22A1E71958100477AB9;
			productRefGroup = 1F28D2341E71958100477AB9 /* Products */;
			projectDirPath = "";
			projectRoot = "";
			targets = (
				1F28D2321E71958100477AB9 /* TableView */,
			);
		};
/* End PBXProject section */

/* Begin PBXResourcesBuildPhase section */
		1F28D2311E71958100477AB9 /* Resources */ = {
			isa = PBXResourcesBuildPhase;
			buildActionMask = 2147483647;
			files = (
				1F28D2411E71958100477AB9 /* LaunchScreen.storyboard in Resources */,
				1F28D23E1E71958100477AB9 /* Assets.xcassets in Resources */,
				1F28D23C1E71958100477AB9 /* Main.storyboard in Resources */,
			);
			runOnlyForDeploymentPostprocessing = 0;
		};
/* End PBXResourcesBuildPhase section */

/* Begin PBXSourcesBuildPhase section */
		1F28D22F1E71958100477AB9 /* Sources */ = {
			isa = PBXSourcesBuildPhase;
			buildActionMask = 2147483647;
			files = (
				1F28D2491E7195E800477AB9 /* LoversTableViewController.swift in Sources */,
				1F28D2391E71958100477AB9 /* ViewController.swift in Sources */,
				1F6497831E76C66300AEEB53 /* LoverTableViewCell.swift in Sources */,
				1F28D2371E71958100477AB9 /* AppDelegate.swift in Sources */,
				1FB783E21E76CCA900131203 /* LoverDetailViewController.swift in Sources */,
			);
			runOnlyForDeploymentPostprocessing = 0;
		};
/* End PBXSourcesBuildPhase section */

/* Begin PBXVariantGroup section */
		1F28D23A1E71958100477AB9 /* Main.storyboard */ = {
			isa = PBXVariantGroup;
			children = (
				1F28D23B1E71958100477AB9 /* Base */,
			);
			name = Main.storyboard;
			sourceTree = "<group>";
		};
		1F28D23F1E71958100477AB9 /* LaunchScreen.storyboard */ = {
			isa = PBXVariantGroup;
			children = (
				1F28D2401E71958100477AB9 /* Base */,
			);
			name = LaunchScreen.storyboard;
			sourceTree = "<group>";
		};
/* End PBXVariantGroup section */

/* Begin XCBuildConfiguration section */
		1F28D2431E71958100477AB9 /* Debug */ = {
			isa = XCBuildConfiguration;
			buildSettings = {
				ALWAYS_SEARCH_USER_PATHS = NO;
				CLANG_ANALYZER_NONNULL = YES;
				CLANG_CXX_LANGUAGE_STANDARD = "gnu++0x";
				CLANG_CXX_LIBRARY = "libc++";
				CLANG_ENABLE_MODULES = YES;
				CLANG_ENABLE_OBJC_ARC = YES;
				CLANG_WARN_BOOL_CONVERSION = YES;
				CLANG_WARN_CONSTANT_CONVERSION = YES;
				CLANG_WARN_DIRECT_OBJC_ISA_USAGE = YES_ERROR;
				CLANG_WARN_DOCUMENTATION_COMMENTS = YES;
				CLANG_WARN_EMPTY_BODY = YES;
				CLANG_WARN_ENUM_CONVERSION = YES;
				CLANG_WARN_INFINITE_RECURSION = YES;
				CLANG_WARN_INT_CONVERSION = YES;
				CLANG_WARN_OBJC_ROOT_CLASS = YES_ERROR;
				CLANG_WARN_SUSPICIOUS_MOVE = YES;
				CLANG_WARN_UNREACHABLE_CODE = YES;
				CLANG_WARN__DUPLICATE_METHOD_MATCH = YES;
				"CODE_SIGN_IDENTITY[sdk=iphoneos*]" = "iPhone Developer";
				COPY_PHASE_STRIP = NO;
				DEBUG_INFORMATION_FORMAT = dwarf;
				ENABLE_STRICT_OBJC_MSGSEND = YES;
				ENABLE_TESTABILITY = YES;
				GCC_C_LANGUAGE_STANDARD = gnu99;
				GCC_DYNAMIC_NO_PIC = NO;
				GCC_NO_COMMON_BLOCKS = YES;
				GCC_OPTIMIZATION_LEVEL = 0;
				GCC_PREPROCESSOR_DEFINITIONS = (
					"DEBUG=1",
					"$(inherited)",
				);
				GCC_WARN_64_TO_32_BIT_CONVERSION = YES;
				GCC_WARN_ABOUT_RETURN_TYPE = YES_ERROR;
				GCC_WARN_UNDECLARED_SELECTOR = YES;
				GCC_WARN_UNINITIALIZED_AUTOS = YES_AGGRESSIVE;
				GCC_WARN_UNUSED_FUNCTION = YES;
				GCC_WARN_UNUSED_VARIABLE = YES;
				IPHONEOS_DEPLOYMENT_TARGET = 10.2;
				MTL_ENABLE_DEBUG_INFO = YES;
				ONLY_ACTIVE_ARCH = YES;
				SDKROOT = iphoneos;
				SWIFT_ACTIVE_COMPILATION_CONDITIONS = DEBUG;
				SWIFT_OPTIMIZATION_LEVEL = "-Onone";
			};
			name = Debug;
		};
		1F28D2441E71958100477AB9 /* Release */ = {
			isa = XCBuildConfiguration;
			buildSettings = {
				ALWAYS_SEARCH_USER_PATHS = NO;
				CLANG_ANALYZER_NONNULL = YES;
				CLANG_CXX_LANGUAGE_STANDARD = "gnu++0x";
				CLANG_CXX_LIBRARY = "libc++";
				CLANG_ENABLE_MODULES = YES;
				CLANG_ENABLE_OBJC_ARC = YES;
				CLANG_WARN_BOOL_CONVERSION = YES;
				CLANG_WARN_CONSTANT_CONVERSION = YES;
				CLANG_WARN_DIRECT_OBJC_ISA_USAGE = YES_ERROR;
				CLANG_WARN_DOCUMENTATION_COMMENTS = YES;
				CLANG_WARN_EMPTY_BODY = YES;
				CLANG_WARN_ENUM_CONVERSION = YES;
				CLANG_WARN_INFINITE_RECURSION = YES;
				CLANG_WARN_INT_CONVERSION = YES;
				CLANG_WARN_OBJC_ROOT_CLASS = YES_ERROR;
				CLANG_WARN_SUSPICIOUS_MOVE = YES;
				CLANG_WARN_UNREACHABLE_CODE = YES;
				CLANG_WARN__DUPLICATE_METHOD_MATCH = YES;
				"CODE_SIGN_IDENTITY[sdk=iphoneos*]" = "iPhone Developer";
				COPY_PHASE_STRIP = NO;
				DEBUG_INFORMATION_FORMAT = "dwarf-with-dsym";
				ENABLE_NS_ASSERTIONS = NO;
				ENABLE_STRICT_OBJC_MSGSEND = YES;
				GCC_C_LANGUAGE_STANDARD = gnu99;
				GCC_NO_COMMON_BLOCKS = YES;
				GCC_WARN_64_TO_32_BIT_CONVERSION = YES;
				GCC_WARN_ABOUT_RETURN_TYPE = YES_ERROR;
				GCC_WARN_UNDECLARED_SELECTOR = YES;
				GCC_WARN_UNINITIALIZED_AUTOS = YES_AGGRESSIVE;
				GCC_WARN_UNUSED_FUNCTION = YES;
				GCC_WARN_UNUSED_VARIABLE = YES;
				IPHONEOS_DEPLOYMENT_TARGET = 10.2;
				MTL_ENABLE_DEBUG_INFO = NO;
				SDKROOT = iphoneos;
				SWIFT_OPTIMIZATION_LEVEL = "-Owholemodule";
				VALIDATE_PRODUCT = YES;
			};
			name = Release;
		};
		1F28D2461E71958100477AB9 /* Debug */ = {
			isa = XCBuildConfiguration;
			buildSettings = {
				ASSETCATALOG_COMPILER_APPICON_NAME = AppIcon;
				DEVELOPMENT_TEAM = VCK3Y3K746;
				INFOPLIST_FILE = TableView/Info.plist;
				LD_RUNPATH_SEARCH_PATHS = "$(inherited) @executable_path/Frameworks";
				PRODUCT_BUNDLE_IDENTIFIER = demo.TableView;
				PRODUCT_NAME = "$(TARGET_NAME)";
				SWIFT_VERSION = 3.0;
			};
			name = Debug;
		};
		1F28D2471E71958100477AB9 /* Release */ = {
			isa = XCBuildConfiguration;
			buildSettings = {
				ASSETCATALOG_COMPILER_APPICON_NAME = AppIcon;
				DEVELOPMENT_TEAM = VCK3Y3K746;
				INFOPLIST_FILE = TableView/Info.plist;
				LD_RUNPATH_SEARCH_PATHS = "$(inherited) @executable_path/Frameworks";
				PRODUCT_BUNDLE_IDENTIFIER = demo.TableView;
				PRODUCT_NAME = "$(TARGET_NAME)";
				SWIFT_VERSION = 3.0;
			};
			name = Release;
		};
/* End XCBuildConfiguration section */

/* Begin XCConfigurationList section */
		1F28D22E1E71958100477AB9 /* Build configuration list for PBXProject "TableView" */ = {
			isa = XCConfigurationList;
			buildConfigurations = (
				1F28D2431E71958100477AB9 /* Debug */,
				1F28D2441E71958100477AB9 /* Release */,
			);
			defaultConfigurationIsVisible = 0;
			defaultConfigurationName = Release;
		};
		1F28D2451E71958100477AB9 /* Build configuration list for PBXNativeTarget "TableView" */ = {
			isa = XCConfigurationList;
			buildConfigurations = (
				1F28D2461E71958100477AB9 /* Debug */,
				1F28D2471E71958100477AB9 /* Release */,
			);
			defaultConfigurationIsVisible = 0;
			defaultConfigurationName = Release;
		};
/* End XCConfigurationList section */
	};
	rootObject = 1F28D22B1E71958100477AB9 /* Project object */;
}
